{
  "version": 2,
  "dependencies": {
    "net10.0": {
      "Microsoft.Bcl.Memory": {
        "type": "Direct",
        "requested": "[9.0.20, )",
        "resolved": "9.0.20",
        "contentHash": "eZyZopL0z1jIKOfXFiZUw5OoFd4mi4mB5xUNHu6cgl6m2oSWNdEw6uuBcOKmFRbILL20D5Gb/QQKsL0WWxPITw=="
      },
      "Microsoft.ML.Tokenizers": {
        "type": "Direct",
        "requested": "[2.0.0, )",
        "resolved": "2.0.0",
        "contentHash": "+b8lT4cLLO/sBR2hjvE/qG6qrZG15h7/PBvnIrzTh4xDaAxdHUY6449rC+1pHzQUsBiCHZVbj+VMn+xS0sL7TA==",
        "dependencies": {
          "Google.Protobuf": "3.30.2"
        }
      },
      "Microsoft.ML.Tokenizers.Data.Cl100kBase": {
        "type": "Direct",
        "requested": "[2.0.0, )",
        "resolved": "2.0.0",
        "contentHash": "APL8S3FFDesfAMBACeVhRjFLMEEavCVgExPvmM1JkC4u+iiQOiqmOS47bN0n4iKM8k/yYhxd3bBVB3uKo6CCGg==",
        "dependencies": {
          "Google.Protobuf": "3.30.2",
          "Microsoft.Bcl.AsyncInterfaces": "9.0.4",
          "Microsoft.Bcl.HashCode": "6.0.0",
          "Microsoft.Bcl.Memory": "9.0.4",
          "Microsoft.ML.Tokenizers": "2.0.0"
        }
      },
      "Microsoft.NET.ILLink.Tasks": {
        "type": "Direct",
        "requested": "[10.0.12, )",
        "resolved": "10.0.12",
        "contentHash": "xi+BDjFpW+Sb+MHFHaH6Y/gV9I8BluFwRXc1QyCdoZbIK26eNiBeFuMTe/FMwc33G1wdHCyDg7CVTmb8OdQrMQ=="
      },
      "Spectre.Console": {
        "type": "Direct",
        "requested": "[0.57.2, )",
        "resolved": "0.57.2",
        "contentHash": "wzsB+P9i6F9G+cFOJxRotCiQWNSzZVAMxi8YMiHlGXXU1JLMXGp7zSSqBMmROZS2bzpK5jk+Saa7Evp8HwqhKg==",
        "dependencies": {
          "Spectre.Console.Ansi": "0.57.2"
        }
      },
      "System.CommandLine": {
        "type": "Direct",
        "requested": "[2.0.12, )",
        "resolved": "2.0.12",
        "contentHash": "FpW672e6qqrTd1EfKqsvUtFZaJWlTlszUR1o8tdakXhkzKbnEZVndtpfd4K3fUPCFcIs9UmcswMyYGJP1zp/rg=="
      },
      "Google.Protobuf": {
        "type": "Transitive",
        "resolved": "3.30.2",
        "contentHash": "Y2aOVLIt75yeeEWigg9V9YnjsEm53sADtLGq0gLhwaXpk3iu8tYSoauolyhenagA2sWno2TQ2WujI0HQd6s1Vw=="
      },
      "Microsoft.Bcl.AsyncInterfaces": {
        "type": "Transitive",
        "resolved": "9.0.4",
        "contentHash": "9VGI5kxIvrNG2mqLQZnUR6y/3fcnygD8eNpHR+CqfbnIXvea6nehnYknDKQTxZVPMpzpNca+7DxLBmpdB3q0Bw=="
      },
      "Microsoft.Bcl.HashCode": {
        "type": "Transitive",
        "resolved": "6.0.0",
        "contentHash": "GI4jcoi6eC9ZhNOQylIBaWOQjyGaR8T6N3tC1u8p3EXfndLCVNNWa+Zp+ocjvvS3kNBN09Zma2HXL0ezO0dRfw=="
      },
      "Spectre.Console.Ansi": {
        "type": "Transitive",
        "resolved": "0.57.2",
        "contentHash": "Y1+u73shwP+JYHmrkdN6bSt2kaGBEAafhi2nrecczbXdFRey+k7J/WF9YPfcB0rqivv2S8fmif6FSBq9m/AFvw=="
      },
      "rulevault.agents": {
        "type": "Project",
        "dependencies": {
          "RuleVault.Core": "[1.0.0, )",
          "RuleVault.Storage": "[1.0.0, )"
        }
      },
      "rulevault.core": {
        "type": "Project"
      },
      "rulevault.installation": {
        "type": "Project",
        "dependencies": {
          "RuleVault.Agents": "[1.0.0, )",
          "RuleVault.Core": "[1.0.0, )",
          "RuleVault.Storage": "[1.0.0, )"
        }
      },
      "rulevault.storage": {
        "type": "Project",
        "dependencies": {
          "RuleVault.Core": "[1.0.0, )",
          "YamlDotNet": "[18.1.0, )"
        }
      },
      "YamlDotNet": {
        "type": "CentralTransitive",
        "requested": "[18.1.0, )",
        "resolved": "18.1.0",
        "contentHash": "5K+9KFg2TdTl7VXv88Qzi/0lqK6JFoNP3lRuImPYGRV7K/QYklDyTrj4+A+KAki1JsQi6qKY+hDyY7d6WRqjrw=="
      }
    },
    "net10.0/win-x64": {}
  }
}